
Microsoft Visual Studio Solution File, Format Version 12.00
# Visual Studio Version 17
VisualStudioVersion = 17.4.33110.190
MinimumVisualStudioVersion = 10.0.40219.1
Project("{FAE04EC0-301F-11D3-BF4B-00C04F79EFBC}") = "CPHAirport", "CPHAirport.csproj", "{74D18AFE-DF43-4B6D-898C-4F7AF7465694}"
EndProject
Global
	GlobalSection(SolutionConfigurationPlatforms) = preSolution
		Debug|Any CPU = Debug|Any CPU
		Release|Any CPU = Release|Any CPU
	EndGlobalSection
	GlobalSection(ProjectConfigurationPlatforms) = postSolution
		{74D18AFE-DF43-4B6D-898C-4F7AF7465694}.Debug|Any CPU.ActiveCfg = Debug|Any CPU
		{74D18AFE-DF43-4B6D-898C-4F7AF7465694}.Debug|Any CPU.Build.0 = Debug|Any CPU
		{74D18AFE-DF43-4B6D-898C-4F7AF7465694}.Release|Any CPU.ActiveCfg = Release|Any CPU
		{74D18AFE-DF43-4B6D-898C-4F7AF7465694}.Release|Any CPU.Build.0 = Release|Any CPU
	EndGlobalSection
	GlobalSection(SolutionProperties) = preSolution
		HideSolutionNode = FALSE
	EndGlobalSection
	GlobalSection(ExtensibilityGlobals) = postSolution
		SolutionGuid = {CADE1074-E57C-49C2-90A2-D86490F8E979}
	EndGlobalSection
EndGlobal
